github.com/jdhxyy/crc16 v0.0.0-20210228220550-7713e2f73123 h1:A3y5GyayKrpj+4EwUnvb8VucRShsbX4PDXlcRzTRunQ=
github.com/jdhxyy/crc16 v0.0.0-20210228220550-7713e2f73123/go.mod h1:Bn2AQAKww6qAfp1Grz+AK2cnYKB/9a2WOcfkidTAWJQ=
github.com/jdhxyy/knock v0.0.0-20210604000600-f7160a766d79 h1:szNkWPR0sLXOh/ebv1n1C+tvBCl/OZv1mB3YDN0e+W8=
github.com/jdhxyy/knock v0.0.0-20210604000600-f7160a766d79/go.mod h1:jswTBkOcUEtJStgUFPGfEC7dvELpgweDtS01iYg3ySs=
github.com/jdhxyy/lagan v0.0.0-20220306095625-f4e9fff73677 h1:s4vg5Sk2c4NPYbJhXg6GGl/VhAp/Ho7VMVscybDvtrs=
github.com/jdhxyy/lagan v0.0.0-20220306095625-f4e9fff73677/go.mod h1:thKkxhIW5/LKfiKOzNj/X+BU4LmlEZHRZPwT/EVFwqg=
github.com/jdhxyy/sbc-golang v0.0.0-20220320034031-8644687a8bec h1:86zMDf/wQmYk3vO12ZeUnPo67SvBGEKs39ux1R6mNGc=
github.com/jdhxyy/sbc-golang v0.0.0-20220320034031-8644687a8bec/go.mod h1:0FF4SAVPV/pENqBY/5aXnAuXz9lStYrL2/Vcli86t/E=
github.com/jdhxyy/standardlayer v0.0.0-20220403181009-8cbb2a915cf9 h1:QZBXqwKti8+hfsL9KxYVh3XvHxRELUeNNv48YpJAqbs=
github.com/jdhxyy/standardlayer v0.0.0-20220403181009-8cbb2a915cf9/go.mod h1:jLpGGcxvItEhy7UoAN54jJve8EvHYgGRSXpsd0UxjCM=
github.com/jdhxyy/utz v0.0.0-20220323142719-b1d5b42d7ee7 h1:7s0nHW5yi/u0Y5ybAkz8wHTrhUEpkp6hfCmqqNMBSXk=
github.com/jdhxyy/utz v0.0.0-20220323142719-b1d5b42d7ee7/go.mod h1:eKM112NP2qpGHq8Sh9RQIH42YobWXKja0AFhY/OKQCs=
github.com/jdhxyy/vsocket-golang v0.0.0-20220403134023-ff02407979c1 h1:tkXB+kZXsSH0g947c+AhIrq0K+5VxdXYAz+PCvWWOVs=
github.com/jdhxyy/vsocket-golang v0.0.0-20220403134023-ff02407979c1/go.mod h1:mhz0J28tl0/vh9MPiL6HToeoL+jvYn35eUNvCBEwXHw=
